# This file is automatically @generated by Cargo.
# It is not intended for manual editing.
version = 3

[[package]]
name = "lml-ast"
version = "0.1.0"
dependencies = [
 "lml-diagnostics",
]

[[package]]
name = "lml-cli"
version = "0.1.0"
dependencies = [
 "lml-ast",
 "lml-compiler",
 "lml-diagnostics",
 "lml-ir",
 "lml-runtime",
 "lml-trace",
 "lml-types",
]

[[package]]
name = "lml-compiler"
version = "0.1.0"
dependencies = [
 "lml-ast",
 "lml-diagnostics",
 "lml-ir",
 "lml-logic",
 "lml-parser",
 "lml-semantic",
 "lml-types",
]

[[package]]
name = "lml-diagnostics"
version = "0.1.0"

[[package]]
name = "lml-e2e"
version = "0.1.0"
dependencies = [
 "lml-compiler",
 "lml-ir",
 "lml-runtime",
 "lml-trace",
]

[[package]]
name = "lml-ir"
version = "0.1.0"
dependencies = [
 "lml-diagnostics",
 "lml-types",
]

[[package]]
name = "lml-lexer"
version = "0.1.0"
dependencies = [
 "lml-diagnostics",
]

[[package]]
name = "lml-logic"
version = "0.1.0"
dependencies = [
 "lml-diagnostics",
 "lml-ir",
 "lml-types",
]

[[package]]
name = "lml-parser"
version = "0.1.0"
dependencies = [
 "lml-ast",
 "lml-diagnostics",
 "lml-lexer",
]

[[package]]
name = "lml-reasoning"
version = "0.1.0"
dependencies = [
 "lml-diagnostics",
 "lml-ir",
 "lml-logic",
 "lml-trace",
 "lml-types",
]

[[package]]
name = "lml-runtime"
version = "0.1.0"
dependencies = [
 "lml-compiler",
 "lml-diagnostics",
 "lml-ir",
 "lml-logic",
 "lml-reasoning",
 "lml-trace",
 "lml-types",
]

[[package]]
name = "lml-semantic"
version = "0.1.0"
dependencies = [
 "lml-ast",
 "lml-diagnostics",
 "lml-parser",
 "lml-types",
]

[[package]]
name = "lml-trace"
version = "0.1.0"
dependencies = [
 "lml-types",
]

[[package]]
name = "lml-types"
version = "0.1.0"
dependencies = [
 "lml-ast",
]
